// !$*UTF8*$!
{
	archiveVersion = 1;
	classes = {
	};
	objectVersion = 46;
	objects = {

/* Begin PBXBuildFile section */
		48B55F841EE049A2003DB74E /* airportListViewCell.swift in Sources */ = {isa = PBXBuildFile; fileRef = 48B55F831EE049A2003DB74E /* airportListViewCell.swift */; };
		48D83DA21EDEF0CC00F5CCD9 /* AppDelegate.swift in Sources */ = {isa = PBXBuildFile; fileRef = 48D83DA11EDEF0CC00F5CCD9 /* AppDelegate.swift */; };
		48D83DA41EDEF0CC00F5CCD9 /* ViewController.swift in Sources */ = {isa = PBXBuildFile; fileRef = 48D83DA31EDEF0CC00F5CCD9 /* ViewController.swift */; };
		48D83DA71EDEF0CC00F5CCD9 /* Main.storyboard in Resources */ = {isa = PBXBuildFile; fileRef = 48D83DA51EDEF0CC00F5CCD9 /* Main.storyboard */; };
		48D83DAA1EDEF0CC00F5CCD9 /* Airport_List.xcdatamodeld in Sources */ = {isa = PBXBuildFile; fileRef = 48D83DA81EDEF0CC00F5CCD9 /* Airport_List.xcdatamodeld */; };
		48D83DAC1EDEF0CC00F5CCD9 /* Assets.xcassets in Resources */ = {isa = PBXBuildFile; fileRef = 48D83DAB1EDEF0CC00F5CCD9 /* Assets.xcassets */; };
		48D83DAF1EDEF0CC00F5CCD9 /* LaunchScreen.storyboard in Resources */ = {isa = PBXBuildFile; fileRef = 48D83DAD1EDEF0CC00F5CCD9 /* LaunchScreen.storyboard */; };
		48D83DBA1EDEF0CC00F5CCD9 /* Airport_ListTests.swift in Sources */ = {isa = PBXBuildFile; fileRef = 48D83DB91EDEF0CC00F5CCD9 /* Airport_ListTests.swift */; };
		48D83DC51EDEF0CC00F5CCD9 /* Airport_ListUITests.swift in Sources */ = {isa = PBXBuildFile; fileRef = 48D83DC41EDEF0CC00F5CCD9 /* Airport_ListUITests.swift */; };
		48D83DD31EDEF2FF00F5CCD9 /* airports.plist in Resources */ = {isa = PBXBuildFile; fileRef = 48D83DD21EDEF2FF00F5CCD9 /* airports.plist */; };
		48D83DD71EDEF89B00F5CCD9 /* AirportTableViewController.swift in Sources */ = {isa = PBXBuildFile; fileRef = 48D83DD61EDEF89B00F5CCD9 /* AirportTableViewController.swift */; };
/* End PBXBuildFile section */

/* Begin PBXContainerItemProxy section */
		48D83DB61EDEF0CC00F5CCD9 /* PBXContainerItemProxy */ = {
			isa = PBXContainerItemProxy;
			containerPortal = 48D83D961EDEF0CC00F5CCD9 /* Project object */;
			proxyType = 1;
			remoteGlobalIDString = 48D83D9D1EDEF0CC00F5CCD9;
			remoteInfo = "Airport List";
		};
		48D83DC11EDEF0CC00F5CCD9 /* PBXContainerItemProxy */ = {
			isa = PBXContainerItemProxy;
			containerPortal = 48D83D961EDEF0CC00F5CCD9 /* Project object */;
			proxyType = 1;
			remoteGlobalIDString = 48D83D9D1EDEF0CC00F5CCD9;
			remoteInfo = "Airport List";
		};
/* End PBXContainerItemProxy section */

/* Begin PBXFileReference section */
		48B55F831EE049A2003DB74E /* airportListViewCell.swift */ = {isa = PBXFileReference; fileEncoding = 4; lastKnownFileType = sourcecode.swift; path = airportListViewCell.swift; sourceTree = "<group>"; };
		48D83D9E1EDEF0CC00F5CCD9 /* Airport List.app */ = {isa = PBXFileReference; explicitFileType = wrapper.application; includeInIndex = 0; path = "Airport List.app"; sourceTree = BUILT_PRODUCTS_DIR; };
		48D83DA11EDEF0CC00F5CCD9 /* AppDelegate.swift */ = {isa = PBXFileReference; lastKnownFileType = sourcecode.swift; path = AppDelegate.swift; sourceTree = "<group>"; };
		48D83DA31EDEF0CC00F5CCD9 /* ViewController.swift */ = {isa = PBXFileReference; lastKnownFileType = sourcecode.swift; path = ViewController.swift; sourceTree = "<group>"; };
		48D83DA61EDEF0CC00F5CCD9 /* Base */ = {isa = PBXFileReference; lastKnownFileType = file.storyboard; name = Base; path = Base.lproj/Main.storyboard; sourceTree = "<group>"; };
		48D83DA91EDEF0CC00F5CCD9 /* Airport_List.xcdatamodel */ = {isa = PBXFileReference; lastKnownFileType = wrapper.xcdatamodel; path = Airport_List.xcdatamodel; sourceTree = "<group>"; };
		48D83DAB1EDEF0CC00F5CCD9 /* Assets.xcassets */ = {isa = PBXFileReference; lastKnownFileType = folder.assetcatalog; path = Assets.xcassets; sourceTree = "<group>"; };
		48D83DAE1EDEF0CC00F5CCD9 /* Base */ = {isa = PBXFileReference; lastKnownFileType = file.storyboard; name = Base; path = Base.lproj/LaunchScreen.storyboard; sourceTree = "<group>"; };
		48D83DB01EDEF0CC00F5CCD9 /* Info.plist */ = {isa = PBXFileReference; lastKnownFileType = text.plist.xml; path = Info.plist; sourceTree = "<group>"; };
		48D83DB51EDEF0CC00F5CCD9 /* Airport ListTests.xctest */ = {isa = PBXFileReference; explicitFileType = wrapper.cfbundle; includeInIndex = 0; path = "Airport ListTests.xctest"; sourceTree = BUILT_PRODUCTS_DIR; };
		48D83DB91EDEF0CC00F5CCD9 /* Airport_ListTests.swift */ = {isa = PBXFileReference; lastKnownFileType = sourcecode.swift; path = Airport_ListTests.swift; sourceTree = "<group>"; };
		48D83DBB1EDEF0CC00F5CCD9 /* Info.plist */ = {isa = PBXFileReference; lastKnownFileType = text.plist.xml; path = Info.plist; sourceTree = "<group>"; };
		48D83DC01EDEF0CC00F5CCD9 /* Airport ListUITests.xctest */ = {isa = PBXFileReference; explicitFileType = wrapper.cfbundle; includeInIndex = 0; path = "Airport ListUITests.xctest"; sourceTree = BUILT_PRODUCTS_DIR; };
		48D83DC41EDEF0CC00F5CCD9 /* Airport_ListUITests.swift */ = {isa = PBXFileReference; lastKnownFileType = sourcecode.swift; path = Airport_ListUITests.swift; sourceTree = "<group>"; };
		48D83DC61EDEF0CC00F5CCD9 /* Info.plist */ = {isa = PBXFileReference; lastKnownFileType = text.plist.xml; path = Info.plist; sourceTree = "<group>"; };
		48D83DD21EDEF2FF00F5CCD9 /* airports.plist */ = {isa = PBXFileReference; fileEncoding = 4; lastKnownFileType = text.plist.xml; path = airports.plist; sourceTree = "<group>"; };
		48D83DD61EDEF89B00F5CCD9 /* AirportTableViewController.swift */ = {isa = PBXFileReference; fileEncoding = 4; lastKnownFileType = sourcecode.swift; path = AirportTableViewController.swift; sourceTree = "<group>"; };
/* End PBXFileReference section */

/* Begin PBXFrameworksBuildPhase section */
		48D83D9B1EDEF0CC00F5CCD9 /* Frameworks */ = {
			isa = PBXFrameworksBuildPhase;
			buildActionMask = 2147483647;
			files = (
			);
			runOnlyForDeploymentPostprocessing = 0;
		};
		48D83DB21EDEF0CC00F5CCD9 /* Frameworks */ = {
			isa = PBXFrameworksBuildPhase;
			buildActionMask = 2147483647;
			files = (
			);
			runOnlyForDeploymentPostprocessing = 0;
		};
		48D83DBD1EDEF0CC00F5CCD9 /* Frameworks */ = {
			isa = PBXFrameworksBuildPhase;
			buildActionMask = 2147483647;
			files = (
			);
			runOnlyForDeploymentPostprocessing = 0;
		};
/* End PBXFrameworksBuildPhase section */

/* Begin PBXGroup section */
		48D83D951EDEF0CC00F5CCD9 = {
			isa = PBXGroup;
			children = (
				48D83DA01EDEF0CC00F5CCD9 /* Airport List */,
				48D83DB81EDEF0CC00F5CCD9 /* Airport ListTests */,
				48D83DC31EDEF0CC00F5CCD9 /* Airport ListUITests */,
				48D83D9F1EDEF0CC00F5CCD9 /* Products */,
			);
			sourceTree = "<group>";
		};
		48D83D9F1EDEF0CC00F5CCD9 /* Products */ = {
			isa = PBXGroup;
			children = (
				48D83D9E1EDEF0CC00F5CCD9 /* Airport List.app */,
				48D83DB51EDEF0CC00F5CCD9 /* Airport ListTests.xctest */,
				48D83DC01EDEF0CC00F5CCD9 /* Airport ListUITests.xctest */,
			);
			name = Products;
			sourceTree = "<group>";
		};
		48D83DA01EDEF0CC00F5CCD9 /* Airport List */ = {
			isa = PBXGroup;
			children = (
				48D83DA11EDEF0CC00F5CCD9 /* AppDelegate.swift */,
				48D83DA31EDEF0CC00F5CCD9 /* ViewController.swift */,
				48D83DA51EDEF0CC00F5CCD9 /* Main.storyboard */,
				48D83DD61EDEF89B00F5CCD9 /* AirportTableViewController.swift */,
				48D83DAB1EDEF0CC00F5CCD9 /* Assets.xcassets */,
				48D83DAD1EDEF0CC00F5CCD9 /* LaunchScreen.storyboard */,
				48D83DB01EDEF0CC00F5CCD9 /* Info.plist */,
				48D83DA81EDEF0CC00F5CCD9 /* Airport_List.xcdatamodeld */,
				48D83DD21EDEF2FF00F5CCD9 /* airports.plist */,
				48B55F831EE049A2003DB74E /* airportListViewCell.swift */,
			);
			path = "Airport List";
			sourceTree = "<group>";
		};
		48D83DB81EDEF0CC00F5CCD9 /* Airport ListTests */ = {
			isa = PBXGroup;
			children = (
				48D83DB91EDEF0CC00F5CCD9 /* Airport_ListTests.swift */,
				48D83DBB1EDEF0CC00F5CCD9 /* Info.plist */,
			);
			path = "Airport ListTests";
			sourceTree = "<group>";
		};
		48D83DC31EDEF0CC00F5CCD9 /* Airport ListUITests */ = {
			isa = PBXGroup;
			children = (
				48D83DC41EDEF0CC00F5CCD9 /* Airport_ListUITests.swift */,
				48D83DC61EDEF0CC00F5CCD9 /* Info.plist */,
			);
			path = "Airport ListUITests";
			sourceTree = "<group>";
		};
/* End PBXGroup section */

/* Begin PBXNativeTarget section */
		48D83D9D1EDEF0CC00F5CCD9 /* Airport List */ = {
			isa = PBXNativeTarget;
			buildConfigurationList = 48D83DC91EDEF0CC00F5CCD9 /* Build configuration list for PBXNativeTarget "Airport List" */;
			buildPhases = (
				48D83D9A1EDEF0CC00F5CCD9 /* Sources */,
				48D83D9B1EDEF0CC00F5CCD9 /* Frameworks */,
				48D83D9C1EDEF0CC00F5CCD9 /* Resources */,
			);
			buildRules = (
			);
			dependencies = (
			);
			name = "Airport List";
			productName = "Airport List";
			productReference = 48D83D9E1EDEF0CC00F5CCD9 /* Airport List.app */;
			productType = "com.apple.product-type.application";
		};
		48D83DB41EDEF0CC00F5CCD9 /* Airport ListTests */ = {
			isa = PBXNativeTarget;
			buildConfigurationList = 48D83DCC1EDEF0CC00F5CCD9 /* Build configuration list for PBXNativeTarget "Airport ListTests" */;
			buildPhases = (
				48D83DB11EDEF0CC00F5CCD9 /* Sources */,
				48D83DB21EDEF0CC00F5CCD9 /* Frameworks */,
				48D83DB31EDEF0CC00F5CCD9 /* Resources */,
			);
			buildRules = (
			);
			dependencies = (
				48D83DB71EDEF0CC00F5CCD9 /* PBXTargetDependency */,
			);
			name = "Airport ListTests";
			productName = "Airport ListTests";
			productReference = 48D83DB51EDEF0CC00F5CCD9 /* Airport ListTests.xctest */;
			productType = "com.apple.product-type.bundle.unit-test";
		};
		48D83DBF1EDEF0CC00F5CCD9 /* Airport ListUITests */ = {
			isa = PBXNativeTarget;
			buildConfigurationList = 48D83DCF1EDEF0CC00F5CCD9 /* Build configuration list for PBXNativeTarget "Airport ListUITests" */;
			buildPhases = (
				48D83DBC1EDEF0CC00F5CCD9 /* Sources */,
				48D83DBD1EDEF0CC00F5CCD9 /* Frameworks */,
				48D83DBE1EDEF0CC00F5CCD9 /* Resources */,
			);
			buildRules = (
			);
			dependencies = (
				48D83DC21EDEF0CC00F5CCD9 /* PBXTargetDependency */,
			);
			name = "Airport ListUITests";
			productName = "Airport ListUITests";
			productReference = 48D83DC01EDEF0CC00F5CCD9 /* Airport ListUITests.xctest */;
			productType = "com.apple.product-type.bundle.ui-testing";
		};
/* End PBXNativeTarget section */

/* Begin PBXProject section */
		48D83D961EDEF0CC00F5CCD9 /* Project object */ = {
			isa = PBXProject;
			attributes = {
				LastSwiftUpdateCheck = 0830;
				LastUpgradeCheck = 0830;
				ORGANIZATIONNAME = teamFour;
				TargetAttributes = {
					48D83D9D1EDEF0CC00F5CCD9 = {
						CreatedOnToolsVersion = 8.3.2;
						ProvisioningStyle = Automatic;
					};
					48D83DB41EDEF0CC00F5CCD9 = {
						CreatedOnToolsVersion = 8.3.2;
						ProvisioningStyle = Automatic;
						TestTargetID = 48D83D9D1EDEF0CC00F5CCD9;
					};
					48D83DBF1EDEF0CC00F5CCD9 = {
						CreatedOnToolsVersion = 8.3.2;
						ProvisioningStyle = Automatic;
						TestTargetID = 48D83D9D1EDEF0CC00F5CCD9;
					};
				};
			};
			buildConfigurationList = 48D83D991EDEF0CC00F5CCD9 /* Build configuration list for PBXProject "Airport List" */;
			compatibilityVersion = "Xcode 3.2";
			developmentRegion = English;
			hasScannedForEncodings = 0;
			knownRegions = (
				en,
				Base,
			);
			mainGroup = 48D83D951EDEF0CC00F5CCD9;
			productRefGroup = 48D83D9F1EDEF0CC00F5CCD9 /* Products */;
			projectDirPath = "";
			projectRoot = "";
			targets = (
				48D83D9D1EDEF0CC00F5CCD9 /* Airport List */,
				48D83DB41EDEF0CC00F5CCD9 /* Airport ListTests */,
				48D83DBF1EDEF0CC00F5CCD9 /* Airport ListUITests */,
			);
		};
/* End PBXProject section */

/* Begin PBXResourcesBuildPhase section */
		48D83D9C1EDEF0CC00F5CCD9 /* Resources */ = {
			isa = PBXResourcesBuildPhase;
			buildActionMask = 2147483647;
			files = (
				48D83DD31EDEF2FF00F5CCD9 /* airports.plist in Resources */,
				48D83DAF1EDEF0CC00F5CCD9 /* LaunchScreen.storyboard in Resources */,
				48D83DAC1EDEF0CC00F5CCD9 /* Assets.xcassets in Resources */,
				48D83DA71EDEF0CC00F5CCD9 /* Main.storyboard in Resources */,
			);
			runOnlyForDeploymentPostprocessing = 0;
		};
		48D83DB31EDEF0CC00F5CCD9 /* Resources */ = {
			isa = PBXResourcesBuildPhase;
			buildActionMask = 2147483647;
			files = (
			);
			runOnlyForDeploymentPostprocessing = 0;
		};
		48D83DBE1EDEF0CC00F5CCD9 /* Resources */ = {
			isa = PBXResourcesBuildPhase;
			buildActionMask = 2147483647;
			files = (
			);
			runOnlyForDeploymentPostprocessing = 0;
		};
/* End PBXResourcesBuildPhase section */

/* Begin PBXSourcesBuildPhase section */
		48D83D9A1EDEF0CC00F5CCD9 /* Sources */ = {
			isa = PBXSourcesBuildPhase;
			buildActionMask = 2147483647;
			files = (
				48B55F841EE049A2003DB74E /* airportListViewCell.swift in Sources */,
				48D83DAA1EDEF0CC00F5CCD9 /* Airport_List.xcdatamodeld in Sources */,
				48D83DA41EDEF0CC00F5CCD9 /* ViewController.swift in Sources */,
				48D83DD71EDEF89B00F5CCD9 /* AirportTableViewController.swift in Sources */,
				48D83DA21EDEF0CC00F5CCD9 /* AppDelegate.swift in Sources */,
			);
			runOnlyForDeploymentPostprocessing = 0;
		};
		48D83DB11EDEF0CC00F5CCD9 /* Sources */ = {
			isa = PBXSourcesBuildPhase;
			buildActionMask = 2147483647;
			files = (
				48D83DBA1EDEF0CC00F5CCD9 /* Airport_ListTests.swift in Sources */,
			);
			runOnlyForDeploymentPostprocessing = 0;
		};
		48D83DBC1EDEF0CC00F5CCD9 /* Sources */ = {
			isa = PBXSourcesBuildPhase;
			buildActionMask = 2147483647;
			files = (
				48D83DC51EDEF0CC00F5CCD9 /* Airport_ListUITests.swift in Sources */,
			);
			runOnlyForDeploymentPostprocessing = 0;
		};
/* End PBXSourcesBuildPhase section */

/* Begin PBXTargetDependency section */
		48D83DB71EDEF0CC00F5CCD9 /* PBXTargetDependency */ = {
			isa = PBXTargetDependency;
			target = 48D83D9D1EDEF0CC00F5CCD9 /* Airport List */;
			targetProxy = 48D83DB61EDEF0CC00F5CCD9 /* PBXContainerItemProxy */;
		};
		48D83DC21EDEF0CC00F5CCD9 /* PBXTargetDependency */ = {
			isa = PBXTargetDependency;
			target = 48D83D9D1EDEF0CC00F5CCD9 /* Airport List */;
			targetProxy = 48D83DC11EDEF0CC00F5CCD9 /* PBXContainerItemProxy */;
		};
/* End PBXTargetDependency section */

/* Begin PBXVariantGroup section */
		48D83DA51EDEF0CC00F5CCD9 /* Main.storyboard */ = {
			isa = PBXVariantGroup;
			children = (
				48D83DA61EDEF0CC00F5CCD9 /* Base */,
			);
			name = Main.storyboard;
			sourceTree = "<group>";
		};
		48D83DAD1EDEF0CC00F5CCD9 /* LaunchScreen.storyboard */ = {
			isa = PBXVariantGroup;
			children = (
				48D83DAE1EDEF0CC00F5CCD9 /* Base */,
			);
			name = LaunchScreen.storyboard;
			sourceTree = "<group>";
		};
/* End PBXVariantGroup section */

/* Begin XCBuildConfiguration section */
		48D83DC71EDEF0CC00F5CCD9 /* Debug */ = {
			isa = XCBuildConfiguration;
			buildSettings = {
				ALWAYS_SEARCH_USER_PATHS = NO;
				CLANG_ANALYZER_NONNULL = YES;
				CLANG_ANALYZER_NUMBER_OBJECT_CONVERSION = YES_AGGRESSIVE;
				CLANG_CXX_LANGUAGE_STANDARD = "gnu++0x";
				CLANG_CXX_LIBRARY = "libc++";
				CLANG_ENABLE_MODULES = YES;
				CLANG_ENABLE_OBJC_ARC = YES;
				CLANG_WARN_BOOL_CONVERSION = YES;
				CLANG_WARN_CONSTANT_CONVERSION = YES;
				CLANG_WARN_DIRECT_OBJC_ISA_USAGE = YES_ERROR;
				CLANG_WARN_DOCUMENTATION_COMMENTS = YES;
				CLANG_WARN_EMPTY_BODY = YES;
				CLANG_WARN_ENUM_CONVERSION = YES;
				CLANG_WARN_INFINITE_RECURSION = YES;
				CLANG_WARN_INT_CONVERSION = YES;
				CLANG_WARN_OBJC_ROOT_CLASS = YES_ERROR;
				CLANG_WARN_SUSPICIOUS_MOVE = YES;
				CLANG_WARN_UNREACHABLE_CODE = YES;
				CLANG_WARN__DUPLICATE_METHOD_MATCH = YES;
				"CODE_SIGN_IDENTITY[sdk=iphoneos*]" = "iPhone Developer";
				COPY_PHASE_STRIP = NO;
				DEBUG_INFORMATION_FORMAT = dwarf;
				ENABLE_STRICT_OBJC_MSGSEND = YES;
				ENABLE_TESTABILITY = YES;
				GCC_C_LANGUAGE_STANDARD = gnu99;
				GCC_DYNAMIC_NO_PIC = NO;
				GCC_NO_COMMON_BLOCKS = YES;
				GCC_OPTIMIZATION_LEVEL = 0;
				GCC_PREPROCESSOR_DEFINITIONS = (
					"DEBUG=1",
					"$(inherited)",
				);
				GCC_WARN_64_TO_32_BIT_CONVERSION = YES;
				GCC_WARN_ABOUT_RETURN_TYPE = YES_ERROR;
				GCC_WARN_UNDECLARED_SELECTOR = YES;
				GCC_WARN_UNINITIALIZED_AUTOS = YES_AGGRESSIVE;
				GCC_WARN_UNUSED_FUNCTION = YES;
				GCC_WARN_UNUSED_VARIABLE = YES;
				IPHONEOS_DEPLOYMENT_TARGET = 10.3;
				MTL_ENABLE_DEBUG_INFO = YES;
				ONLY_ACTIVE_ARCH = YES;
				SDKROOT = iphoneos;
				SWIFT_ACTIVE_COMPILATION_CONDITIONS = DEBUG;
				SWIFT_OPTIMIZATION_LEVEL = "-Onone";
			};
			name = Debug;
		};
		48D83DC81EDEF0CC00F5CCD9 /* Release */ = {
			isa = XCBuildConfiguration;
			buildSettings = {
				ALWAYS_SEARCH_USER_PATHS = NO;
				CLANG_ANALYZER_NONNULL = YES;
				CLANG_ANALYZER_NUMBER_OBJECT_CONVERSION = YES_AGGRESSIVE;
				CLANG_CXX_LANGUAGE_STANDARD = "gnu++0x";
				CLANG_CXX_LIBRARY = "libc++";
				CLANG_ENABLE_MODULES = YES;
				CLANG_ENABLE_OBJC_ARC = YES;
				CLANG_WARN_BOOL_CONVERSION = YES;
				CLANG_WARN_CONSTANT_CONVERSION = YES;
				CLANG_WARN_DIRECT_OBJC_ISA_USAGE = YES_ERROR;
				CLANG_WARN_DOCUMENTATION_COMMENTS = YES;
				CLANG_WARN_EMPTY_BODY = YES;
				CLANG_WARN_ENUM_CONVERSION = YES;
				CLANG_WARN_INFINITE_RECURSION = YES;
				CLANG_WARN_INT_CONVERSION = YES;
				CLANG_WARN_OBJC_ROOT_CLASS = YES_ERROR;
				CLANG_WARN_SUSPICIOUS_MOVE = YES;
				CLANG_WARN_UNREACHABLE_CODE = YES;
				CLANG_WARN__DUPLICATE_METHOD_MATCH = YES;
				"CODE_SIGN_IDENTITY[sdk=iphoneos*]" = "iPhone Developer";
				COPY_PHASE_STRIP = NO;
				DEBUG_INFORMATION_FORMAT = "dwarf-with-dsym";
				ENABLE_NS_ASSERTIONS = NO;
				ENABLE_STRICT_OBJC_MSGSEND = YES;
				GCC_C_LANGUAGE_STANDARD = gnu99;
				GCC_NO_COMMON_BLOCKS = YES;
				GCC_WARN_64_TO_32_BIT_CONVERSION = YES;
				GCC_WARN_ABOUT_RETURN_TYPE = YES_ERROR;
				GCC_WARN_UNDECLARED_SELECTOR = YES;
				GCC_WARN_UNINITIALIZED_AUTOS = YES_AGGRESSIVE;
				GCC_WARN_UNUSED_FUNCTION = YES;
				GCC_WARN_UNUSED_VARIABLE = YES;
				IPHONEOS_DEPLOYMENT_TARGET = 10.3;
				MTL_ENABLE_DEBUG_INFO = NO;
				SDKROOT = iphoneos;
				SWIFT_OPTIMIZATION_LEVEL = "-Owholemodule";
				VALIDATE_PRODUCT = YES;
			};
			name = Release;
		};
		48D83DCA1EDEF0CC00F5CCD9 /* Debug */ = {
			isa = XCBuildConfiguration;
			buildSettings = {
				ASSETCATALOG_COMPILER_APPICON_NAME = AppIcon;
				INFOPLIST_FILE = "Airport List/Info.plist";
				LD_RUNPATH_SEARCH_PATHS = "$(inherited) @executable_path/Frameworks";
				PRODUCT_BUNDLE_IDENTIFIER = "NCCC.Airport-List";
				PRODUCT_NAME = "$(TARGET_NAME)";
				SWIFT_VERSION = 3.0;
			};
			name = Debug;
		};
		48D83DCB1EDEF0CC00F5CCD9 /* Release */ = {
			isa = XCBuildConfiguration;
			buildSettings = {
				ASSETCATALOG_COMPILER_APPICON_NAME = AppIcon;
				INFOPLIST_FILE = "Airport List/Info.plist";
				LD_RUNPATH_SEARCH_PATHS = "$(inherited) @executable_path/Frameworks";
				PRODUCT_BUNDLE_IDENTIFIER = "NCCC.Airport-List";
				PRODUCT_NAME = "$(TARGET_NAME)";
				SWIFT_VERSION = 3.0;
			};
			name = Release;
		};
		48D83DCD1EDEF0CC00F5CCD9 /* Debug */ = {
			isa = XCBuildConfiguration;
			buildSettings = {
				ALWAYS_EMBED_SWIFT_STANDARD_LIBRARIES = YES;
				BUNDLE_LOADER = "$(TEST_HOST)";
				INFOPLIST_FILE = "Airport ListTests/Info.plist";
				LD_RUNPATH_SEARCH_PATHS = "$(inherited) @executable_path/Frameworks @loader_path/Frameworks";
				PRODUCT_BUNDLE_IDENTIFIER = "NCCC.Airport-ListTests";
				PRODUCT_NAME = "$(TARGET_NAME)";
				SWIFT_VERSION = 3.0;
				TEST_HOST = "$(BUILT_PRODUCTS_DIR)/Airport List.app/Airport List";
			};
			name = Debug;
		};
		48D83DCE1EDEF0CC00F5CCD9 /* Release */ = {
			isa = XCBuildConfiguration;
			buildSettings = {
				ALWAYS_EMBED_SWIFT_STANDARD_LIBRARIES = YES;
				BUNDLE_LOADER = "$(TEST_HOST)";
				INFOPLIST_FILE = "Airport ListTests/Info.plist";
				LD_RUNPATH_SEARCH_PATHS = "$(inherited) @executable_path/Frameworks @loader_path/Frameworks";
				PRODUCT_BUNDLE_IDENTIFIER = "NCCC.Airport-ListTests";
				PRODUCT_NAME = "$(TARGET_NAME)";
				SWIFT_VERSION = 3.0;
				TEST_HOST = "$(BUILT_PRODUCTS_DIR)/Airport List.app/Airport List";
			};
			name = Release;
		};
		48D83DD01EDEF0CC00F5CCD9 /* Debug */ = {
			isa = XCBuildConfiguration;
			buildSettings = {
				ALWAYS_EMBED_SWIFT_STANDARD_LIBRARIES = YES;
				INFOPLIST_FILE = "Airport ListUITests/Info.plist";
				LD_RUNPATH_SEARCH_PATHS = "$(inherited) @executable_path/Frameworks @loader_path/Frameworks";
				PRODUCT_BUNDLE_IDENTIFIER = "NCCC.Airport-ListUITests";
				PRODUCT_NAME = "$(TARGET_NAME)";
				SWIFT_VERSION = 3.0;
				TEST_TARGET_NAME = "Airport List";
			};
			name = Debug;
		};
		48D83DD11EDEF0CC00F5CCD9 /* Release */ = {
			isa = XCBuildConfiguration;
			buildSettings = {
				ALWAYS_EMBED_SWIFT_STANDARD_LIBRARIES = YES;
				INFOPLIST_FILE = "Airport ListUITests/Info.plist";
				LD_RUNPATH_SEARCH_PATHS = "$(inherited) @executable_path/Frameworks @loader_path/Frameworks";
				PRODUCT_BUNDLE_IDENTIFIER = "NCCC.Airport-ListUITests";
				PRODUCT_NAME = "$(TARGET_NAME)";
				SWIFT_VERSION = 3.0;
				TEST_TARGET_NAME = "Airport List";
			};
			name = Release;
		};
/* End XCBuildConfiguration section */

/* Begin XCConfigurationList section */
		48D83D991EDEF0CC00F5CCD9 /* Build configuration list for PBXProject "Airport List" */ = {
			isa = XCConfigurationList;
			buildConfigurations = (
				48D83DC71EDEF0CC00F5CCD9 /* Debug */,
				48D83DC81EDEF0CC00F5CCD9 /* Release */,
			);
			defaultConfigurationIsVisible = 0;
			defaultConfigurationName = Release;
		};
		48D83DC91EDEF0CC00F5CCD9 /* Build configuration list for PBXNativeTarget "Airport List" */ = {
			isa = XCConfigurationList;
			buildConfigurations = (
				48D83DCA1EDEF0CC00F5CCD9 /* Debug */,
				48D83DCB1EDEF0CC00F5CCD9 /* Release */,
			);
			defaultConfigurationIsVisible = 0;
			defaultConfigurationName = Release;
		};
		48D83DCC1EDEF0CC00F5CCD9 /* Build configuration list for PBXNativeTarget "Airport ListTests" */ = {
			isa = XCConfigurationList;
			buildConfigurations = (
				48D83DCD1EDEF0CC00F5CCD9 /* Debug */,
				48D83DCE1EDEF0CC00F5CCD9 /* Release */,
			);
			defaultConfigurationIsVisible = 0;
			defaultConfigurationName = Release;
		};
		48D83DCF1EDEF0CC00F5CCD9 /* Build configuration list for PBXNativeTarget "Airport ListUITests" */ = {
			isa = XCConfigurationList;
			buildConfigurations = (
				48D83DD01EDEF0CC00F5CCD9 /* Debug */,
				48D83DD11EDEF0CC00F5CCD9 /* Release */,
			);
			defaultConfigurationIsVisible = 0;
			defaultConfigurationName = Release;
		};
/* End XCConfigurationList section */

/* Begin XCVersionGroup section */
		48D83DA81EDEF0CC00F5CCD9 /* Airport_List.xcdatamodeld */ = {
			isa = XCVersionGroup;
			children = (
				48D83DA91EDEF0CC00F5CCD9 /* Airport_List.xcdatamodel */,
			);
			currentVersion = 48D83DA91EDEF0CC00F5CCD9 /* Airport_List.xcdatamodel */;
			path = Airport_List.xcdatamodeld;
			sourceTree = "<group>";
			versionGroupType = wrapper.xcdatamodel;
		};
/* End XCVersionGroup section */
	};
	rootObject = 48D83D961EDEF0CC00F5CCD9 /* Project object */;
}
